
Microsoft Visual Studio Solution File, Format Version 12.00
# Visual Studio Version 17
VisualStudioVersion = 17.2.32516.85
MinimumVisualStudioVersion = 10.0.40219.1
Project("{FAE04EC0-301F-11D3-BF4B-00C04F79EFBC}") = "Homework31-05", "Homework31-05\Homework31-05.csproj", "{86F35B4F-7877-4009-A84D-A5586609D6E6}"
EndProject
Global
	GlobalSection(SolutionConfigurationPlatforms) = preSolution
		Debug|Any CPU = Debug|Any CPU
		Release|Any CPU = Release|Any CPU
	EndGlobalSection
	GlobalSection(ProjectConfigurationPlatforms) = postSolution
		{86F35B4F-7877-4009-A84D-A5586609D6E6}.Debug|Any CPU.ActiveCfg = Debug|Any CPU
		{86F35B4F-7877-4009-A84D-A5586609D6E6}.Debug|Any CPU.Build.0 = Debug|Any CPU
		{86F35B4F-7877-4009-A84D-A5586609D6E6}.Release|Any CPU.ActiveCfg = Release|Any CPU
		{86F35B4F-7877-4009-A84D-A5586609D6E6}.Release|Any CPU.Build.0 = Release|Any CPU
	EndGlobalSection
	GlobalSection(SolutionProperties) = preSolution
		HideSolutionNode = FALSE
	EndGlobalSection
	GlobalSection(ExtensibilityGlobals) = postSolution
		SolutionGuid = {878D3813-41F8-420E-997D-4541AE4A9A51}
	EndGlobalSection
EndGlobal
